Microsoft Visual Studio Solution File, Format Version 12.00
# Visual Studio Version 17
VisualStudioVersion = 17.5.2.0
MinimumVisualStudioVersion = 10.0.40219.1
Project("{FAE04EC0-301F-11D3-BF4B-00C04F79EFBC}") = "Module3Challenge", "Module3Challenge\Module3Challenge.csproj", "{7D21DFF3-9AE2-100D-3AD9-D7690514F747}"
EndProject
Global
	GlobalSection(SolutionConfigurationPlatforms) = preSolution
		Debug|Any CPU = Debug|Any CPU
		Release|Any CPU = Release|Any CPU
	EndGlobalSection
	GlobalSection(ProjectConfigurationPlatforms) = postSolution
		{7D21DFF3-9AE2-100D-3AD9-D7690514F747}.Debug|Any CPU.ActiveCfg = Debug|Any CPU
		{7D21DFF3-9AE2-100D-3AD9-D7690514F747}.Debug|Any CPU.Build.0 = Debug|Any CPU
		{7D21DFF3-9AE2-100D-3AD9-D7690514F747}.Release|Any CPU.ActiveCfg = Release|Any CPU
		{7D21DFF3-9AE2-100D-3AD9-D7690514F747}.Release|Any CPU.Build.0 = Release|Any CPU
	EndGlobalSection
	GlobalSection(SolutionProperties) = preSolution
		HideSolutionNode = FALSE
	EndGlobalSection
	GlobalSection(ExtensibilityGlobals) = postSolution
		SolutionGuid = {21584528-95C2-4BE1-B75E-C34454DE0B00}
	EndGlobalSection
EndGlobal
